
Microsoft Visual Studio Solution File, Format Version 12.00
# Visual Studio Version 17
VisualStudioVersion = 17.0.31903.59
MinimumVisualStudioVersion = 10.0.40219.1
Project("{FAE04EC0-301F-11D3-BF4B-00C04F79EFBC}") = "Tyuiu.MolodchikovEE.Sprint3.Task0.V14.Lib", "Tyuiu.MolodchikovEE.Sprint3.Task0.V14.Lib\Tyuiu.MolodchikovEE.Sprint3.Task0.V14.Lib.csproj", "{75B3A802-4686-48A5-BE32-A679F05881D0}"
EndProject
Project("{FAE04EC0-301F-11D3-BF4B-00C04F79EFBC}") = "Tyuiu.MolodchikovEE.Sprint3.Task0.V14", "Tyuiu.MolodchikovEE.Sprint3.Task0.V14\Tyuiu.MolodchikovEE.Sprint3.Task0.V14.csproj", "{1745B80D-A5A6-4961-87DC-14A28E8313F5}"
EndProject
Project("{FAE04EC0-301F-11D3-BF4B-00C04F79EFBC}") = "Tyuiu.MolodchikovEE.Sprint3.Task0.V14.Test", "Tyuiu.MolodchikovEE.Sprint3.Task0.V14.Test\Tyuiu.MolodchikovEE.Sprint3.Task0.V14.Test.csproj", "{CD8191B0-41A2-4FD3-9E89-E5F4C2909323}"
EndProject
Project("{FAE04EC0-301F-11D3-BF4B-00C04F79EFBC}") = "Tyuiu.MolodchikovEE.Sprint3.Task1.V18.Lib", "Tyuiu.MolodchikovEE.Sprint3.Task1.V18.Lib\Tyuiu.MolodchikovEE.Sprint3.Task1.V18.Lib.csproj", "{56702FF9-1D14-4391-A297-A3F593B85895}"
EndProject
Project("{FAE04EC0-301F-11D3-BF4B-00C04F79EFBC}") = "Tyuiu.MolodchikovEE.Sprint3.Task1.V18", "Tyuiu.MolodchikovEE.Sprint3.Task1.V18\Tyuiu.MolodchikovEE.Sprint3.Task1.V18.csproj", "{DD947068-34CF-4CD0-9893-D88FCB0357E0}"
EndProject
Project("{FAE04EC0-301F-11D3-BF4B-00C04F79EFBC}") = "Tyuiu.MolodchikovEE.Sprint3.Task1.V18.Test", "Tyuiu.MolodchikovEE.Sprint3.Task1.V18.Test\Tyuiu.MolodchikovEE.Sprint3.Task1.V18.Test.csproj", "{8A5C7F48-A72B-4346-9215-0864D32AE3FC}"
EndProject
Project("{FAE04EC0-301F-11D3-BF4B-00C04F79EFBC}") = "Tyuiu.MolodchikovEE.Sprint3.Task2.V17.Lib", "Tyuiu.MolodchikovEE.Sprint3.Task2.V17.Lib\Tyuiu.MolodchikovEE.Sprint3.Task2.V17.Lib.csproj", "{2E0480CE-8CE3-470A-A65C-8025BEFF858F}"
EndProject
Project("{FAE04EC0-301F-11D3-BF4B-00C04F79EFBC}") = "Tyuiu.MolodchikovEE.Sprint3.Task2.V17", "Tyuiu.MolodchikovEE.Sprint3.Task2.V17\Tyuiu.MolodchikovEE.Sprint3.Task2.V17.csproj", "{7660DD7C-6328-41E7-A56F-9E7F888614EE}"
EndProject
Project("{FAE04EC0-301F-11D3-BF4B-00C04F79EFBC}") = "Tyuiu.MolodchikovEE.Sprint3.Task2.V17.Test", "Tyuiu.MolodchikovEE.Sprint3.Task2.V17.Test\Tyuiu.MolodchikovEE.Sprint3.Task2.V17.Test.csproj", "{1594F4C0-9998-443C-9724-513C17D9A360}"
EndProject
Project("{FAE04EC0-301F-11D3-BF4B-00C04F79EFBC}") = "Tyuiu.MolodchikovEE.Sprint3.Task3.V26.Lib", "Tyuiu.MolodchikovEE.Sprint3.Task3.V26.Lib\Tyuiu.MolodchikovEE.Sprint3.Task3.V26.Lib.csproj", "{78B3C730-7B3E-45CF-8665-2C232FD0D24E}"
EndProject
Project("{FAE04EC0-301F-11D3-BF4B-00C04F79EFBC}") = "Tyuiu.MolodchikovEE.Sprint3.Task3.V26", "Tyuiu.MolodchikovEE.Sprint3.Task3.V26\Tyuiu.MolodchikovEE.Sprint3.Task3.V26.csproj", "{8A3EBBFC-A889-4142-B9BA-AB337851B1B4}"
EndProject
Project("{FAE04EC0-301F-11D3-BF4B-00C04F79EFBC}") = "Tyuiu.MolodchikovEE.Sprint3.Task3.V26.Test", "Tyuiu.MolodchikovEE.Sprint3.Task3.V26.Test\Tyuiu.MolodchikovEE.Sprint3.Task3.V26.Test.csproj", "{83C132D7-59CD-42E6-836A-5E4B70A27455}"
EndProject
Project("{FAE04EC0-301F-11D3-BF4B-00C04F79EFBC}") = "Tyuiu.MolodchikovEE.Sprint3.Task4.V1.Lib", "Tyuiu.MolodchikovEE.Sprint3.Task4.V1.Lib\Tyuiu.MolodchikovEE.Sprint3.Task4.V1.Lib.csproj", "{0B1505C2-7CFB-48AA-A83A-B0EFF51A4BEC}"
EndProject
Project("{FAE04EC0-301F-11D3-BF4B-00C04F79EFBC}") = "Tyuiu.MolodchikovEE.Sprint3.Task4.V1", "Tyuiu.MolodchikovEE.Sprint3.Task4.V1\Tyuiu.MolodchikovEE.Sprint3.Task4.V1.csproj", "{6AFD25EE-6E85-44C9-B4E9-C33DDDF7A313}"
EndProject
Project("{FAE04EC0-301F-11D3-BF4B-00C04F79EFBC}") = "Tyuiu.MolodchikovEE.Sprint3.Task4.V1.Test", "Tyuiu.MolodchikovEE.Sprint3.Task4.V1.Test\Tyuiu.MolodchikovEE.Sprint3.Task4.V1.Test.csproj", "{A61B156F-30FC-46D6-B364-697BA74845B4}"
EndProject
Global
	GlobalSection(SolutionConfigurationPlatforms) = preSolution
		Debug|Any CPU = Debug|Any CPU
		Release|Any CPU = Release|Any CPU
	EndGlobalSection
	GlobalSection(SolutionProperties) = preSolution
		HideSolutionNode = FALSE
	EndGlobalSection
	GlobalSection(ProjectConfigurationPlatforms) = postSolution
		{75B3A802-4686-48A5-BE32-A679F05881D0}.Debug|Any CPU.ActiveCfg = Debug|Any CPU
		{75B3A802-4686-48A5-BE32-A679F05881D0}.Debug|Any CPU.Build.0 = Debug|Any CPU
		{75B3A802-4686-48A5-BE32-A679F05881D0}.Release|Any CPU.ActiveCfg = Release|Any CPU
		{75B3A802-4686-48A5-BE32-A679F05881D0}.Release|Any CPU.Build.0 = Release|Any CPU
		{1745B80D-A5A6-4961-87DC-14A28E8313F5}.Debug|Any CPU.ActiveCfg = Debug|Any CPU
		{1745B80D-A5A6-4961-87DC-14A28E8313F5}.Debug|Any CPU.Build.0 = Debug|Any CPU
		{1745B80D-A5A6-4961-87DC-14A28E8313F5}.Release|Any CPU.ActiveCfg = Release|Any CPU
		{1745B80D-A5A6-4961-87DC-14A28E8313F5}.Release|Any CPU.Build.0 = Release|Any CPU
		{CD8191B0-41A2-4FD3-9E89-E5F4C2909323}.Debug|Any CPU.ActiveCfg = Debug|Any CPU
		{CD8191B0-41A2-4FD3-9E89-E5F4C2909323}.Debug|Any CPU.Build.0 = Debug|Any CPU
		{CD8191B0-41A2-4FD3-9E89-E5F4C2909323}.Release|Any CPU.ActiveCfg = Release|Any CPU
		{CD8191B0-41A2-4FD3-9E89-E5F4C2909323}.Release|Any CPU.Build.0 = Release|Any CPU
		{56702FF9-1D14-4391-A297-A3F593B85895}.Debug|Any CPU.ActiveCfg = Debug|Any CPU
		{56702FF9-1D14-4391-A297-A3F593B85895}.Debug|Any CPU.Build.0 = Debug|Any CPU
		{56702FF9-1D14-4391-A297-A3F593B85895}.Release|Any CPU.ActiveCfg = Release|Any CPU
		{56702FF9-1D14-4391-A297-A3F593B85895}.Release|Any CPU.Build.0 = Release|Any CPU
		{DD947068-34CF-4CD0-9893-D88FCB0357E0}.Debug|Any CPU.ActiveCfg = Debug|Any CPU
		{DD947068-34CF-4CD0-9893-D88FCB0357E0}.Debug|Any CPU.Build.0 = Debug|Any CPU
		{DD947068-34CF-4CD0-9893-D88FCB0357E0}.Release|Any CPU.ActiveCfg = Release|Any CPU
		{DD947068-34CF-4CD0-9893-D88FCB0357E0}.Release|Any CPU.Build.0 = Release|Any CPU
		{8A5C7F48-A72B-4346-9215-0864D32AE3FC}.Debug|Any CPU.ActiveCfg = Debug|Any CPU
		{8A5C7F48-A72B-4346-9215-0864D32AE3FC}.Debug|Any CPU.Build.0 = Debug|Any CPU
		{8A5C7F48-A72B-4346-9215-0864D32AE3FC}.Release|Any CPU.ActiveCfg = Release|Any CPU
		{8A5C7F48-A72B-4346-9215-0864D32AE3FC}.Release|Any CPU.Build.0 = Release|Any CPU
		{2E0480CE-8CE3-470A-A65C-8025BEFF858F}.Debug|Any CPU.ActiveCfg = Debug|Any CPU
		{2E0480CE-8CE3-470A-A65C-8025BEFF858F}.Debug|Any CPU.Build.0 = Debug|Any CPU
		{2E0480CE-8CE3-470A-A65C-8025BEFF858F}.Release|Any CPU.ActiveCfg = Release|Any CPU
		{2E0480CE-8CE3-470A-A65C-8025BEFF858F}.Release|Any CPU.Build.0 = Release|Any CPU
		{7660DD7C-6328-41E7-A56F-9E7F888614EE}.Debug|Any CPU.ActiveCfg = Debug|Any CPU
		{7660DD7C-6328-41E7-A56F-9E7F888614EE}.Debug|Any CPU.Build.0 = Debug|Any CPU
		{7660DD7C-6328-41E7-A56F-9E7F888614EE}.Release|Any CPU.ActiveCfg = Release|Any CPU
		{7660DD7C-6328-41E7-A56F-9E7F888614EE}.Release|Any CPU.Build.0 = Release|Any CPU
		{1594F4C0-9998-443C-9724-513C17D9A360}.Debug|Any CPU.ActiveCfg = Debug|Any CPU
		{1594F4C0-9998-443C-9724-513C17D9A360}.Debug|Any CPU.Build.0 = Debug|Any CPU
		{1594F4C0-9998-443C-9724-513C17D9A360}.Release|Any CPU.ActiveCfg = Release|Any CPU
		{1594F4C0-9998-443C-9724-513C17D9A360}.Release|Any CPU.Build.0 = Release|Any CPU
		{78B3C730-7B3E-45CF-8665-2C232FD0D24E}.Debug|Any CPU.ActiveCfg = Debug|Any CPU
		{78B3C730-7B3E-45CF-8665-2C232FD0D24E}.Debug|Any CPU.Build.0 = Debug|Any CPU
		{78B3C730-7B3E-45CF-8665-2C232FD0D24E}.Release|Any CPU.ActiveCfg = Release|Any CPU
		{78B3C730-7B3E-45CF-8665-2C232FD0D24E}.Release|Any CPU.Build.0 = Release|Any CPU
		{8A3EBBFC-A889-4142-B9BA-AB337851B1B4}.Debug|Any CPU.ActiveCfg = Debug|Any CPU
		{8A3EBBFC-A889-4142-B9BA-AB337851B1B4}.Debug|Any CPU.Build.0 = Debug|Any CPU
		{8A3EBBFC-A889-4142-B9BA-AB337851B1B4}.Release|Any CPU.ActiveCfg = Release|Any CPU
		{8A3EBBFC-A889-4142-B9BA-AB337851B1B4}.Release|Any CPU.Build.0 = Release|Any CPU
		{83C132D7-59CD-42E6-836A-5E4B70A27455}.Debug|Any CPU.ActiveCfg = Debug|Any CPU
		{83C132D7-59CD-42E6-836A-5E4B70A27455}.Debug|Any CPU.Build.0 = Debug|Any CPU
		{83C132D7-59CD-42E6-836A-5E4B70A27455}.Release|Any CPU.ActiveCfg = Release|Any CPU
		{83C132D7-59CD-42E6-836A-5E4B70A27455}.Release|Any CPU.Build.0 = Release|Any CPU
		{0B1505C2-7CFB-48AA-A83A-B0EFF51A4BEC}.Debug|Any CPU.ActiveCfg = Debug|Any CPU
		{0B1505C2-7CFB-48AA-A83A-B0EFF51A4BEC}.Debug|Any CPU.Build.0 = Debug|Any CPU
		{0B1505C2-7CFB-48AA-A83A-B0EFF51A4BEC}.Release|Any CPU.ActiveCfg = Release|Any CPU
		{0B1505C2-7CFB-48AA-A83A-B0EFF51A4BEC}.Release|Any CPU.Build.0 = Release|Any CPU
		{6AFD25EE-6E85-44C9-B4E9-C33DDDF7A313}.Debug|Any CPU.ActiveCfg = Debug|Any CPU
		{6AFD25EE-6E85-44C9-B4E9-C33DDDF7A313}.Debug|Any CPU.Build.0 = Debug|Any CPU
		{6AFD25EE-6E85-44C9-B4E9-C33DDDF7A313}.Release|Any CPU.ActiveCfg = Release|Any CPU
		{6AFD25EE-6E85-44C9-B4E9-C33DDDF7A313}.Release|Any CPU.Build.0 = Release|Any CPU
		{A61B156F-30FC-46D6-B364-697BA74845B4}.Debug|Any CPU.ActiveCfg = Debug|Any CPU
		{A61B156F-30FC-46D6-B364-697BA74845B4}.Debug|Any CPU.Build.0 = Debug|Any CPU
		{A61B156F-30FC-46D6-B364-697BA74845B4}.Release|Any CPU.ActiveCfg = Release|Any CPU
		{A61B156F-30FC-46D6-B364-697BA74845B4}.Release|Any CPU.Build.0 = Release|Any CPU
	EndGlobalSection
EndGlobal
